
Microsoft Visual Studio Solution File, Format Version 12.00
# Visual Studio Version 16
VisualStudioVersion = 16.0.29709.97
MinimumVisualStudioVersion = 10.0.40219.1
Project("{FAE04EC0-301F-11D3-BF4B-00C04F79EFBC}") = "Spring2020VisualStudio_HelloWorld", "Spring2020VisualStudio_HelloWorld.csproj", "{0899ADCB-15CD-43D7-8272-7BF837FBA5D6}"
EndProject
Global
	GlobalSection(SolutionConfigurationPlatforms) = preSolution
		Debug|Any CPU = Debug|Any CPU
		Release|Any CPU = Release|Any CPU
	EndGlobalSection
	GlobalSection(ProjectConfigurationPlatforms) = postSolution
		{0899ADCB-15CD-43D7-8272-7BF837FBA5D6}.Debug|Any CPU.ActiveCfg = Debug|Any CPU
		{0899ADCB-15CD-43D7-8272-7BF837FBA5D6}.Debug|Any CPU.Build.0 = Debug|Any CPU
		{0899ADCB-15CD-43D7-8272-7BF837FBA5D6}.Release|Any CPU.ActiveCfg = Release|Any CPU
		{0899ADCB-15CD-43D7-8272-7BF837FBA5D6}.Release|Any CPU.Build.0 = Release|Any CPU
	EndGlobalSection
	GlobalSection(SolutionProperties) = preSolution
		HideSolutionNode = FALSE
	EndGlobalSection
	GlobalSection(ExtensibilityGlobals) = postSolution
		SolutionGuid = {571139E4-8A01-4E8F-83BA-11C413F7EAE2}
	EndGlobalSection
EndGlobal
